
Microsoft Visual Studio Solution File, Format Version 12.00
# Visual Studio Version 16
VisualStudioVersion = 16.0.33027.164
MinimumVisualStudioVersion = 10.0.40219.1
Project("{FAE04EC0-301F-11D3-BF4B-00C04F79EFBC}") = "GameProject", "GameProject\GameProject.csproj", "{643CE426-1534-4E8A-8762-A99CCB2E3E8B}"
EndProject
Global
	GlobalSection(SolutionConfigurationPlatforms) = preSolution
		Debug|Any CPU = Debug|Any CPU
		Release|Any CPU = Release|Any CPU
	EndGlobalSection
	GlobalSection(ProjectConfigurationPlatforms) = postSolution
		{643CE426-1534-4E8A-8762-A99CCB2E3E8B}.Debug|Any CPU.ActiveCfg = Debug|Any CPU
		{643CE426-1534-4E8A-8762-A99CCB2E3E8B}.Debug|Any CPU.Build.0 = Debug|Any CPU
		{643CE426-1534-4E8A-8762-A99CCB2E3E8B}.Release|Any CPU.ActiveCfg = Release|Any CPU
		{643CE426-1534-4E8A-8762-A99CCB2E3E8B}.Release|Any CPU.Build.0 = Release|Any CPU
	EndGlobalSection
	GlobalSection(SolutionProperties) = preSolution
		HideSolutionNode = FALSE
	EndGlobalSection
	GlobalSection(ExtensibilityGlobals) = postSolution
		SolutionGuid = {674D7589-CC4C-4606-A86F-82E06484F4A8}
	EndGlobalSection
EndGlobal
